
Microsoft Visual Studio Solution File, Format Version 12.00
# Visual Studio Version 16
VisualStudioVersion = 16.0.30711.63
MinimumVisualStudioVersion = 10.0.40219.1
Project("{9A19103F-16F7-4668-BE54-9A1E7A4F7556}") = "Task1", "Midterm Exam 1\Task1.csproj", "{5216E04E-B59D-4339-989D-3635B7A67FE3}"
EndProject
Project("{9A19103F-16F7-4668-BE54-9A1E7A4F7556}") = "Task2", "Tasj2\Task2.csproj", "{4F4C8EE8-5E6B-48B9-9FA4-F727EC18FF82}"
EndProject
Project("{FAE04EC0-301F-11D3-BF4B-00C04F79EFBC}") = "Task3_WPF", "Task3_WPF\Task3_WPF.csproj", "{DCC1E751-82B4-4E4C-83A4-2D89290CCB56}"
EndProject
Global
	GlobalSection(SolutionConfigurationPlatforms) = preSolution
		Debug|Any CPU = Debug|Any CPU
		Release|Any CPU = Release|Any CPU
	EndGlobalSection
	GlobalSection(ProjectConfigurationPlatforms) = postSolution
		{5216E04E-B59D-4339-989D-3635B7A67FE3}.Debug|Any CPU.ActiveCfg = Debug|Any CPU
		{5216E04E-B59D-4339-989D-3635B7A67FE3}.Debug|Any CPU.Build.0 = Debug|Any CPU
		{5216E04E-B59D-4339-989D-3635B7A67FE3}.Release|Any CPU.ActiveCfg = Release|Any CPU
		{5216E04E-B59D-4339-989D-3635B7A67FE3}.Release|Any CPU.Build.0 = Release|Any CPU
		{4F4C8EE8-5E6B-48B9-9FA4-F727EC18FF82}.Debug|Any CPU.ActiveCfg = Debug|Any CPU
		{4F4C8EE8-5E6B-48B9-9FA4-F727EC18FF82}.Debug|Any CPU.Build.0 = Debug|Any CPU
		{4F4C8EE8-5E6B-48B9-9FA4-F727EC18FF82}.Release|Any CPU.ActiveCfg = Release|Any CPU
		{4F4C8EE8-5E6B-48B9-9FA4-F727EC18FF82}.Release|Any CPU.Build.0 = Release|Any CPU
		{DCC1E751-82B4-4E4C-83A4-2D89290CCB56}.Debug|Any CPU.ActiveCfg = Debug|Any CPU
		{DCC1E751-82B4-4E4C-83A4-2D89290CCB56}.Debug|Any CPU.Build.0 = Debug|Any CPU
		{DCC1E751-82B4-4E4C-83A4-2D89290CCB56}.Release|Any CPU.ActiveCfg = Release|Any CPU
		{DCC1E751-82B4-4E4C-83A4-2D89290CCB56}.Release|Any CPU.Build.0 = Release|Any CPU
	EndGlobalSection
	GlobalSection(SolutionProperties) = preSolution
		HideSolutionNode = FALSE
	EndGlobalSection
	GlobalSection(ExtensibilityGlobals) = postSolution
		SolutionGuid = {F68CC896-B317-4CFB-8286-C61F85A766FB}
	EndGlobalSection
EndGlobal
